{
  "version": 4,
  "terraform_version": "1.5.2",
  "serial": 26,
  "lineage": "9c250222-7975-698e-f319-819e387bb848",
  "outputs": {},
  "resources": [
    {
      "mode": "managed",
      "type": "docker_container",
      "name": "container",
      "provider": "provider[\"registry.terraform.io/terraform-providers/docker\"]",
      "instances": [
        {
          "index_key": 0,
          "schema_version": 2,
          "attributes": {
            "attach": false,
            "bridge": "",
            "capabilities": [],
            "command": [
              "npm",
              "start"
            ],
            "container_logs": null,
            "cpu_set": "",
            "cpu_shares": 0,
            "destroy_grace_seconds": null,
            "devices": [],
            "dns": [],
            "dns_opts": [],
            "dns_search": null,
            "domainname": "",
            "entrypoint": [
              "docker-entrypoint.sh"
            ],
            "env": null,
            "exit_code": null,
            "gateway": "172.64.0.1",
            "group_add": null,
            "healthcheck": [],
            "host": [],
            "hostname": "cdfd46a12882",
            "id": "cdfd46a12882d531f15079cb995505f005a05b0274c69a3e65a32ae4e37f2a9e",
            "image": "sha256:e79bd400912094a51904b42dcb0fbadcaad5f87030ccae18727bee46f340c827",
            "ip_address": "172.64.0.3",
            "ip_prefix_length": 16,
            "ipc_mode": "private",
            "labels": [],
            "links": null,
            "log_driver": "json-file",
            "log_opts": {},
            "logs": false,
            "max_retry_count": 0,
            "memory": 0,
            "memory_swap": 0,
            "mounts": [],
            "must_run": true,
            "name": "container-0",
            "network_alias": null,
            "network_data": [
              {
                "gateway": "172.64.0.1",
                "ip_address": "172.64.0.3",
                "ip_prefix_length": 16,
                "network_name": "my_private_network2"
              }
            ],
            "network_mode": "default",
            "networks": null,
            "networks_advanced": [
              {
                "aliases": [],
                "ipv4_address": "",
                "ipv6_address": "",
                "name": "my_private_network2"
              }
            ],
            "pid_mode": "",
            "ports": [],
            "privileged": false,
            "publish_all_ports": false,
            "read_only": false,
            "restart": "no",
            "rm": false,
            "shm_size": 64,
            "start": true,
            "sysctls": null,
            "tmpfs": null,
            "ulimit": [],
            "upload": [],
            "user": "",
            "userns_mode": "",
            "volumes": [],
            "working_dir": "/app"
          },
          "sensitive_attributes": [],
          "private": "eyJzY2hlbWFfdmVyc2lvbiI6IjIifQ==",
          "dependencies": [
            "docker_image.images",
            "docker_network.private_network"
          ]
        },
        {
          "index_key": 1,
          "schema_version": 2,
          "attributes": {
            "attach": false,
            "bridge": "",
            "capabilities": [],
            "command": [
              "npm",
              "start"
            ],
            "container_logs": null,
            "cpu_set": "",
            "cpu_shares": 0,
            "destroy_grace_seconds": null,
            "devices": [],
            "dns": [],
            "dns_opts": [],
            "dns_search": null,
            "domainname": "",
            "entrypoint": [
              "docker-entrypoint.sh"
            ],
            "env": null,
            "exit_code": null,
            "gateway": "172.64.0.1",
            "group_add": null,
            "healthcheck": [],
            "host": [],
            "hostname": "ea6601686f46",
            "id": "ea6601686f46147c8cdd52fc28b56ea6e45330a987ff93ce568591725c834cd5",
            "image": "sha256:4dd7861a218ea39eb714e7f85179fcb03de60b175baf9c01cad64230a531ab42",
            "ip_address": "172.64.0.2",
            "ip_prefix_length": 16,
            "ipc_mode": "private",
            "labels": [],
            "links": null,
            "log_driver": "json-file",
            "log_opts": {},
            "logs": false,
            "max_retry_count": 0,
            "memory": 0,
            "memory_swap": 0,
            "mounts": [],
            "must_run": true,
            "name": "container-1",
            "network_alias": null,
            "network_data": [
              {
                "gateway": "172.64.0.1",
                "ip_address": "172.64.0.2",
                "ip_prefix_length": 16,
                "network_name": "my_private_network2"
              }
            ],
            "network_mode": "default",
            "networks": null,
            "networks_advanced": [
              {
                "aliases": [],
                "ipv4_address": "",
                "ipv6_address": "",
                "name": "my_private_network2"
              }
            ],
            "pid_mode": "",
            "ports": [],
            "privileged": false,
            "publish_all_ports": false,
            "read_only": false,
            "restart": "no",
            "rm": false,
            "shm_size": 64,
            "start": true,
            "sysctls": null,
            "tmpfs": null,
            "ulimit": [],
            "upload": [],
            "user": "",
            "userns_mode": "",
            "volumes": [],
            "working_dir": "/app"
          },
          "sensitive_attributes": [],
          "private": "eyJzY2hlbWFfdmVyc2lvbiI6IjIifQ==",
          "dependencies": [
            "docker_image.images",
            "docker_network.private_network"
          ]
        }
      ]
    },
    {
      "mode": "managed",
      "type": "docker_image",
      "name": "images",
      "provider": "provider[\"registry.terraform.io/terraform-providers/docker\"]",
      "instances": [
        {
          "index_key": 0,
          "schema_version": 0,
          "attributes": {
            "id": "sha256:e79bd400912094a51904b42dcb0fbadcaad5f87030ccae18727bee46f340c827jshangiti/yolo-client:1.0.0",
            "keep_locally": null,
            "latest": "sha256:e79bd400912094a51904b42dcb0fbadcaad5f87030ccae18727bee46f340c827",
            "name": "jshangiti/yolo-client:1.0.0",
            "pull_trigger": null,
            "pull_triggers": null
          },
          "sensitive_attributes": [],
          "private": "bnVsbA=="
        },
        {
          "index_key": 1,
          "schema_version": 0,
          "attributes": {
            "id": "sha256:4dd7861a218ea39eb714e7f85179fcb03de60b175baf9c01cad64230a531ab42jshangiti/yolo-backend:1.0.0",
            "keep_locally": null,
            "latest": "sha256:4dd7861a218ea39eb714e7f85179fcb03de60b175baf9c01cad64230a531ab42",
            "name": "jshangiti/yolo-backend:1.0.0",
            "pull_trigger": null,
            "pull_triggers": null
          },
          "sensitive_attributes": [],
          "private": "bnVsbA=="
        }
      ]
    },
    {
      "mode": "managed",
      "type": "docker_network",
      "name": "private_network",
      "provider": "provider[\"registry.terraform.io/terraform-providers/docker\"]",
      "instances": [
        {
          "schema_version": 1,
          "attributes": {
            "attachable": false,
            "check_duplicate": null,
            "driver": "bridge",
            "id": "b58b541b53fa8d726879711789549505bf6b4ee58e8da1504021a4795a0598f7",
            "ingress": false,
            "internal": false,
            "ipam_config": [
              {
                "aux_address": {},
                "gateway": "",
                "ip_range": "",
                "subnet": "172.64.0.0/16"
              }
            ],
            "ipam_driver": "default",
            "ipv6": false,
            "labels": [],
            "name": "my_private_network2",
            "options": {},
            "scope": "local"
          },
          "sensitive_attributes": [],
          "private": "eyJzY2hlbWFfdmVyc2lvbiI6IjEifQ=="
        }
      ]
    },
    {
      "mode": "managed",
      "type": "google_compute_firewall",
      "name": "ssh-firewall-rule",
      "provider": "provider[\"registry.terraform.io/hashicorp/google\"]",
      "instances": [
        {
          "schema_version": 1,
          "attributes": {
            "allow": [
              {
                "ports": [
                  "22"
                ],
                "protocol": "tcp"
              }
            ],
            "creation_timestamp": "2023-07-24T12:13:15.003-07:00",
            "deny": [],
            "description": "",
            "destination_ranges": [],
            "direction": "INGRESS",
            "disabled": false,
            "enable_logging": null,
            "id": "projects/class-test9/global/firewalls/docker-ssh1",
            "log_config": [],
            "name": "docker-ssh1",
            "network": "https://www.googleapis.com/compute/v1/projects/class-test9/global/networks/default",
            "priority": 1000,
            "project": "class-test9",
            "self_link": "https://www.googleapis.com/compute/v1/projects/class-test9/global/firewalls/docker-ssh1",
            "source_ranges": [
              "0.0.0.0/0"
            ],
            "source_service_accounts": null,
            "source_tags": null,
            "target_service_accounts": null,
            "target_tags": [
              "docker"
            ],
            "timeouts": null
          },
          "sensitive_attributes": [],
          "private": "eyJlMmJmYjczMC1lY2FhLTExZTYtOGY4OC0zNDM2M2JjN2M0YzAiOnsiY3JlYXRlIjoxMjAwMDAwMDAwMDAwLCJkZWxldGUiOjEyMDAwMDAwMDAwMDAsInVwZGF0ZSI6MTIwMDAwMDAwMDAwMH0sInNjaGVtYV92ZXJzaW9uIjoiMSJ9"
        }
      ]
    },
    {
      "mode": "managed",
      "type": "google_compute_instance",
      "name": "docker-instance",
      "provider": "provider[\"registry.terraform.io/hashicorp/google\"]",
      "instances": [
        {
          "status": "tainted",
          "schema_version": 6,
          "attributes": {
            "advanced_machine_features": [],
            "allow_stopping_for_update": null,
            "attached_disk": [],
            "boot_disk": [
              {
                "auto_delete": true,
                "device_name": "persistent-disk-0",
                "disk_encryption_key_raw": "",
                "disk_encryption_key_sha256": "",
                "initialize_params": [
                  {
                    "image": "https://www.googleapis.com/compute/v1/projects/debian-cloud/global/images/debian-11-bullseye-v20230711",
                    "labels": {},
                    "resource_manager_tags": null,
                    "size": 10,
                    "type": "pd-standard"
                  }
                ],
                "kms_key_self_link": "",
                "mode": "READ_WRITE",
                "source": "https://www.googleapis.com/compute/v1/projects/class-test9/zones/us-central1-a/disks/docker-instance"
              }
            ],
            "can_ip_forward": false,
            "confidential_instance_config": [],
            "cpu_platform": "Intel Broadwell",
            "current_status": "RUNNING",
            "deletion_protection": false,
            "description": "",
            "desired_status": null,
            "enable_display": false,
            "guest_accelerator": [],
            "hostname": "",
            "id": "projects/class-test9/zones/us-central1-a/instances/docker-instance",
            "instance_id": "3277942622799492002",
            "label_fingerprint": "42WmSpB8rSM=",
            "labels": null,
            "machine_type": "e2-medium",
            "metadata": {
              "ssh-keys": "jshangiti:ssh-rsa AAAAB3NzaC1yc2EAAAADAQABAAABgQCdhnyM9inYHi0AUI2duCWg/mMBt4NRpnZC1gFxBdWSGnS7Y1z/dFAt5ImX2ESLPysGRjCKTjkg0NGiQ8apYfMF9CFZWclUT5QKso+ucgJOFzHMrHBgC54vRYjeNhLzHqDW7V+nNbk1D4eEn3a8K2A11Hb9nhAZ8qOLL1bQsS2u2fCMH3yiipvMNP/84u0PvZIpfpixXKw0R/DUkbR9szPaXQb1GncPhL9uLqzZRj1c1S9x0fDQjjUQJd0yCdejcXyzPuEN8gfyTLwpt1eJYOpxzJoNA7gcqpvrCuf2PaE/PSShtZNmqxoH5KshZXf2+xCdNB6sRvOgM5kfuiJYGRsT8S96vTqxpgiCulqLQG1EMaZZqiF7tmQfvucgV6PVs/TteR0ak/G4W2SNFlms0fE+R6u5c5Tgy1WVqOFyedlUBQ0RuMsgzNvm6zDMs99H70k+htJCrr3ZvuI9fG2ploDrogWvonv/G7/KSuOvWN/mjJ/wOIf9L2KUko9fKtg0OpM= jshangiti@docker-instance2"
            },
            "metadata_fingerprint": "ISGuU2v8tvo=",
            "metadata_startup_script": null,
            "min_cpu_platform": "",
            "name": "docker-instance",
            "network_interface": [
              {
                "access_config": [
                  {
                    "nat_ip": "35.184.243.105",
                    "network_tier": "PREMIUM",
                    "public_ptr_domain_name": ""
                  }
                ],
                "alias_ip_range": [],
                "ipv6_access_config": [],
                "ipv6_access_type": "",
                "name": "nic0",
                "network": "https://www.googleapis.com/compute/v1/projects/class-test9/global/networks/default",
                "network_ip": "10.128.0.24",
                "nic_type": "",
                "queue_count": 0,
                "stack_type": "IPV4_ONLY",
                "subnetwork": "https://www.googleapis.com/compute/v1/projects/class-test9/regions/us-central1/subnetworks/default",
                "subnetwork_project": "class-test9"
              }
            ],
            "network_performance_config": [],
            "params": [],
            "project": "class-test9",
            "reservation_affinity": [],
            "resource_policies": null,
            "scheduling": [
              {
                "automatic_restart": true,
                "instance_termination_action": "",
                "min_node_cpus": 0,
                "node_affinities": [],
                "on_host_maintenance": "MIGRATE",
                "preemptible": false,
                "provisioning_model": "STANDARD"
              }
            ],
            "scratch_disk": [],
            "self_link": "https://www.googleapis.com/compute/v1/projects/class-test9/zones/us-central1-a/instances/docker-instance",
            "service_account": [],
            "shielded_instance_config": [
              {
                "enable_integrity_monitoring": true,
                "enable_secure_boot": false,
                "enable_vtpm": true
              }
            ],
            "tags": [
              "docker"
            ],
            "tags_fingerprint": "7ziJC-Yoxu8=",
            "timeouts": null,
            "zone": "us-central1-a"
          },
          "sensitive_attributes": [],
          "private": "eyJlMmJmYjczMC1lY2FhLTExZTYtOGY4OC0zNDM2M2JjN2M0YzAiOnsiY3JlYXRlIjoxMjAwMDAwMDAwMDAwLCJkZWxldGUiOjEyMDAwMDAwMDAwMDAsInVwZGF0ZSI6MTIwMDAwMDAwMDAwMH0sInNjaGVtYV92ZXJzaW9uIjoiNiJ9"
        }
      ]
    },
    {
      "mode": "managed",
      "type": "null_resource",
      "name": "copy-playbook",
      "provider": "provider[\"registry.terraform.io/hashicorp/null\"]",
      "instances": []
    }
  ],
  "check_results": null
}
