{
  "version": 4,
  "terraform_version": "1.5.2",
  "serial": 27,
  "lineage": "46a9a809-4fe1-f427-628b-14b8fbd3d0ce",
  "outputs": {},
  "resources": [
    {
      "mode": "managed",
      "type": "docker_image",
      "name": "nginx",
      "provider": "provider[\"registry.terraform.io/terraform-providers/docker\"]",
      "instances": [
        {
          "schema_version": 0,
          "attributes": {
            "id": "sha256:021283c8eb95be02b23db0de7f609d603553c6714785e7a673c6594a624ffbdanginx:latest",
            "keep_locally": false,
            "latest": "sha256:021283c8eb95be02b23db0de7f609d603553c6714785e7a673c6594a624ffbda",
            "name": "nginx:latest",
            "pull_trigger": null,
            "pull_triggers": null
          },
          "sensitive_attributes": [],
          "private": "bnVsbA=="
        }
      ]
    }
  ],
  "check_results": null
}
