{
  "version": 4,
  "terraform_version": "1.5.2",
  "serial": 101,
  "lineage": "46a9a809-4fe1-f427-628b-14b8fbd3d0ce",
  "outputs": {},
  "resources": [
    {
      "mode": "managed",
      "type": "docker_container",
      "name": "nginx_container",
      "provider": "provider[\"registry.terraform.io/terraform-providers/docker\"]",
      "instances": [
        {
          "schema_version": 2,
          "attributes": {
            "attach": false,
            "bridge": "",
            "capabilities": [],
            "command": [
              "nginx",
              "-g",
              "daemon off;"
            ],
            "container_logs": null,
            "cpu_set": "",
            "cpu_shares": 0,
            "destroy_grace_seconds": null,
            "devices": [],
            "dns": [],
            "dns_opts": [],
            "dns_search": null,
            "domainname": "",
            "entrypoint": [
              "/docker-entrypoint.sh"
            ],
            "env": null,
            "exit_code": null,
            "gateway": "172.17.0.1",
            "group_add": null,
            "healthcheck": [],
            "host": [],
            "hostname": "26c5d016c3db",
            "id": "26c5d016c3dbdc6aff9d4bd217b9dbb1a66d1ce472123972752a7d4da4ba1816",
            "image": "sha256:021283c8eb95be02b23db0de7f609d603553c6714785e7a673c6594a624ffbda",
            "ip_address": "172.17.0.2",
            "ip_prefix_length": 16,
            "ipc_mode": "private",
            "labels": [],
            "links": null,
            "log_driver": "json-file",
            "log_opts": {},
            "logs": false,
            "max_retry_count": 0,
            "memory": 0,
            "memory_swap": 0,
            "mounts": [],
            "must_run": true,
            "name": "nginx_container",
            "network_alias": null,
            "network_data": [
              {
                "gateway": "172.17.0.1",
                "ip_address": "172.17.0.2",
                "ip_prefix_length": 16,
                "network_name": "bridge"
              }
            ],
            "network_mode": "default",
            "networks": null,
            "networks_advanced": [],
            "pid_mode": "",
            "ports": [],
            "privileged": false,
            "publish_all_ports": false,
            "read_only": false,
            "restart": "no",
            "rm": false,
            "shm_size": 64,
            "start": true,
            "sysctls": null,
            "tmpfs": null,
            "ulimit": [],
            "upload": [],
            "user": "",
            "userns_mode": "",
            "volumes": [],
            "working_dir": ""
          },
          "sensitive_attributes": [],
          "private": "eyJzY2hlbWFfdmVyc2lvbiI6IjIifQ==",
          "dependencies": [
            "docker_image.nginx"
          ]
        }
      ]
    },
    {
      "mode": "managed",
      "type": "docker_image",
      "name": "nginx",
      "provider": "provider[\"registry.terraform.io/terraform-providers/docker\"]",
      "instances": [
        {
          "schema_version": 0,
          "attributes": {
            "id": "sha256:021283c8eb95be02b23db0de7f609d603553c6714785e7a673c6594a624ffbdanginx:latest",
            "keep_locally": false,
            "latest": "sha256:021283c8eb95be02b23db0de7f609d603553c6714785e7a673c6594a624ffbda",
            "name": "nginx:latest",
            "pull_trigger": null,
            "pull_triggers": null
          },
          "sensitive_attributes": [],
          "private": "bnVsbA=="
        }
      ]
    }
  ],
  "check_results": null
}
